PODS:
  - Charts (3.0.5):
    - Charts/Core (= 3.0.5)
  - Charts/Core (3.0.5)
  - PureLayout (2.0.6)

DEPENDENCIES:
  - Charts
  - PureLayout (~> 2.0.5)

SPEC CHECKSUMS:
  Charts: 45cdc985b764c838b35ee47eb1365d15735f6d1a
  PureLayout: f25f0bb904d5ccfe6e31da3cb869185259f02e0d

PODFILE CHECKSUM: 1e0dfbcf0f7129b97021733bf46b734355a09a2a

COCOAPODS: 1.4.0
