PODS:
  - Charts (3.0.5):
    - Charts/Core (= 3.0.5)
  - Charts/Core (3.0.5)
  - Kingfisher (4.6.1)
  - PureLayout (2.0.6)
  - SwiftyJSON (4.0.0)

DEPENDENCIES:
  - Charts
  - Kingfisher (~> 4.0)
  - PureLayout (~> 2.0.5)
  - SwiftyJSON

SPEC CHECKSUMS:
  Charts: 45cdc985b764c838b35ee47eb1365d15735f6d1a
  Kingfisher: 1f9157d9c02b380cbd0b7cc890161195164eb634
  PureLayout: f25f0bb904d5ccfe6e31da3cb869185259f02e0d
  SwiftyJSON: 070dabdcb1beb81b247c65ffa3a79dbbfb3b48aa

PODFILE CHECKSUM: 85876b47ff8475578acc1cc573184834dda5c4c4

COCOAPODS: 1.4.0
